{
  "version": 4,
  "terraform_version": "1.3.1",
  "serial": 34,
  "lineage": "d77a0ed5-3bd0-6f11-6457-3faaaab66aff",
  "outputs": {
    "vm_dns": {
      "value": {
        "0": "ca-labs-web-0-ad59f5efca2de75a.eastus.cloudapp.azure.com",
        "1": "ca-labs-web-1-ad59f5efca2de75a.eastus.cloudapp.azure.com",
        "2": "ca-labs-web-2-ad59f5efca2de75a.eastus.cloudapp.azure.com"
      },
      "type": [
        "object",
        {
          "0": "string",
          "1": "string",
          "2": "string"
        }
      ]
    },
    "vm_public_ip": {
      "value": {
        "0": "20.115.125.95",
        "1": "20.115.121.131",
        "2": "20.115.121.70"
      },
      "type": [
        "object",
        {
          "0": "string",
          "1": "string",
          "2": "string"
        }
      ]
    }
  },
  "resources": [
    {
      "mode": "data",
      "type": "template_cloudinit_config",
      "name": "vm_config",
      "provider": "provider[\"registry.terraform.io/hashicorp/template\"]",
      "instances": [
        {
          "schema_version": 0,
          "attributes": {
            "base64_encode": true,
            "gzip": true,
            "id": "1173437567",
            "part": [
              {
                "content": "#! /bin/bash\necho v1.00!\necho example script only...\n",
                "content_type": "text/x-shellscript",
                "filename": "",
                "merge_type": ""
              }
            ],
            "rendered": "H4sIAAAAAAAA/2SOT0vEMBBH74F8h9n1PGn3JFQ8+GcPHqogKnhM29EOpJOQzEr67UUXloW9zcDjvd9DFCVRfFsTdbAcgnLyWZuFK003MMSDTD6vt9v+qd/fv7w/P969fm7N34cflAtH6WDnWmusQTyHrDm5s5fyRRn3MsaJ5buD64H1DPiPK1VtKpaZQihj5qTW9LzQRedqA83A0gy+zIbGOcLPzrXt5nhT9UsKBEcFRAmrc+5iHqI1vwEAAP//8S35Vf0AAAA="
          },
          "sensitive_attributes": []
        }
      ]
    },
    {
      "mode": "managed",
      "type": "azurerm_linux_virtual_machine",
      "name": "manz_web_vm",
      "provider": "provider[\"registry.terraform.io/hashicorp/azurerm\"]",
      "instances": [
        {
          "index_key": 0,
          "schema_version": 0,
          "attributes": {
            "additional_capabilities": [],
            "admin_password": "s3cr3tP@55word",
            "admin_ssh_key": [],
            "admin_username": "superadmin",
            "allow_extension_operations": true,
            "availability_set_id": "",
            "boot_diagnostics": [],
            "capacity_reservation_group_id": "",
            "computer_name": "manz-vm-0",
            "custom_data": "H4sIAAAAAAAA/2SOT0vEMBBH74F8h9n1PGn3JFQ8+GcPHqogKnhM29EOpJOQzEr67UUXloW9zcDjvd9DFCVRfFsTdbAcgnLyWZuFK003MMSDTD6vt9v+qd/fv7w/P969fm7N34cflAtH6WDnWmusQTyHrDm5s5fyRRn3MsaJ5buD64H1DPiPK1VtKpaZQihj5qTW9LzQRedqA83A0gy+zIbGOcLPzrXt5nhT9UsKBEcFRAmrc+5iHqI1vwEAAP//8S35Vf0AAAA=",
            "dedicated_host_group_id": "",
            "dedicated_host_id": "",
            "disable_password_authentication": false,
            "edge_zone": "",
            "encryption_at_host_enabled": false,
            "eviction_policy": "",
            "extensions_time_budget": "PT1H30M",
            "id": "/subscriptions/ef0ccfbc-3557-4c68-b3d4-2ba16bcc1f72/resourceGroups/terraform/providers/Microsoft.Compute/virtualMachines/manz-web-vm-0",
            "identity": [],
            "license_type": "",
            "location": "eastus",
            "max_bid_price": -1,
            "name": "manz-web-vm-0",
            "network_interface_ids": [
              "/subscriptions/ef0ccfbc-3557-4c68-b3d4-2ba16bcc1f72/resourceGroups/terraform/providers/Microsoft.Network/networkInterfaces/manz-vm-nic-0"
            ],
            "os_disk": [
              {
                "caching": "ReadWrite",
                "diff_disk_settings": [],
                "disk_encryption_set_id": "",
                "disk_size_gb": 30,
                "name": "manz-storage-vm-0",
                "secure_vm_disk_encryption_set_id": "",
                "security_encryption_type": "",
                "storage_account_type": "Standard_LRS",
                "write_accelerator_enabled": false
              }
            ],
            "patch_mode": "ImageDefault",
            "plan": [],
            "platform_fault_domain": -1,
            "priority": "Regular",
            "private_ip_address": "10.0.0.4",
            "private_ip_addresses": [
              "10.0.0.4"
            ],
            "provision_vm_agent": true,
            "proximity_placement_group_id": "",
            "public_ip_address": "20.115.125.95",
            "public_ip_addresses": [
              "20.115.125.95"
            ],
            "resource_group_name": "terraform",
            "secret": [],
            "secure_boot_enabled": false,
            "size": "Standard_B1s",
            "source_image_id": "",
            "source_image_reference": [
              {
                "offer": "0001-com-ubuntu-server-focal",
                "publisher": "Canonical",
                "sku": "20_04-lts-gen2",
                "version": "latest"
              }
            ],
            "tags": {
              "app": "devops",
              "org": "manz"
            },
            "termination_notification": null,
            "timeouts": null,
            "user_data": "",
            "virtual_machine_id": "ea51fa3f-0ba5-48bc-b08d-6300b1bc7e69",
            "virtual_machine_scale_set_id": "",
            "vtpm_enabled": false,
            "zone": ""
          },
          "sensitive_attributes": [],
          "private": "eyJlMmJmYjczMC1lY2FhLTExZTYtOGY4OC0zNDM2M2JjN2M0YzAiOnsiY3JlYXRlIjoyNzAwMDAwMDAwMDAwLCJkZWxldGUiOjI3MDAwMDAwMDAwMDAsInJlYWQiOjMwMDAwMDAwMDAwMCwidXBkYXRlIjoyNzAwMDAwMDAwMDAwfX0=",
          "dependencies": [
            "azurerm_network_interface.azuredev-vm-nic",
            "azurerm_public_ip.azuredev-web-vm-pip",
            "data.template_cloudinit_config.vm_config",
            "random_id.webserver_dns"
          ]
        },
        {
          "index_key": 1,
          "schema_version": 0,
          "attributes": {
            "additional_capabilities": [],
            "admin_password": "s3cr3tP@55word",
            "admin_ssh_key": [],
            "admin_username": "superadmin",
            "allow_extension_operations": true,
            "availability_set_id": "",
            "boot_diagnostics": [],
            "capacity_reservation_group_id": "",
            "computer_name": "manz-vm-1",
            "custom_data": "H4sIAAAAAAAA/2SOT0vEMBBH74F8h9n1PGn3JFQ8+GcPHqogKnhM29EOpJOQzEr67UUXloW9zcDjvd9DFCVRfFsTdbAcgnLyWZuFK003MMSDTD6vt9v+qd/fv7w/P969fm7N34cflAtH6WDnWmusQTyHrDm5s5fyRRn3MsaJ5buD64H1DPiPK1VtKpaZQihj5qTW9LzQRedqA83A0gy+zIbGOcLPzrXt5nhT9UsKBEcFRAmrc+5iHqI1vwEAAP//8S35Vf0AAAA=",
            "dedicated_host_group_id": "",
            "dedicated_host_id": "",
            "disable_password_authentication": false,
            "edge_zone": "",
            "encryption_at_host_enabled": false,
            "eviction_policy": "",
            "extensions_time_budget": "PT1H30M",
            "id": "/subscriptions/ef0ccfbc-3557-4c68-b3d4-2ba16bcc1f72/resourceGroups/terraform/providers/Microsoft.Compute/virtualMachines/manz-web-vm-1",
            "identity": [],
            "license_type": "",
            "location": "eastus",
            "max_bid_price": -1,
            "name": "manz-web-vm-1",
            "network_interface_ids": [
              "/subscriptions/ef0ccfbc-3557-4c68-b3d4-2ba16bcc1f72/resourceGroups/terraform/providers/Microsoft.Network/networkInterfaces/manz-vm-nic-1"
            ],
            "os_disk": [
              {
                "caching": "ReadWrite",
                "diff_disk_settings": [],
                "disk_encryption_set_id": "",
                "disk_size_gb": 30,
                "name": "manz-storage-vm-1",
                "secure_vm_disk_encryption_set_id": "",
                "security_encryption_type": "",
                "storage_account_type": "Standard_LRS",
                "write_accelerator_enabled": false
              }
            ],
            "patch_mode": "ImageDefault",
            "plan": [],
            "platform_fault_domain": -1,
            "priority": "Regular",
            "private_ip_address": "10.0.0.6",
            "private_ip_addresses": [
              "10.0.0.6"
            ],
            "provision_vm_agent": true,
            "proximity_placement_group_id": "",
            "public_ip_address": "20.115.121.131",
            "public_ip_addresses": [
              "20.115.121.131"
            ],
            "resource_group_name": "terraform",
            "secret": [],
            "secure_boot_enabled": false,
            "size": "Standard_B1s",
            "source_image_id": "",
            "source_image_reference": [
              {
                "offer": "0001-com-ubuntu-server-focal",
                "publisher": "Canonical",
                "sku": "20_04-lts-gen2",
                "version": "latest"
              }
            ],
            "tags": {
              "app": "devops",
              "org": "manz"
            },
            "termination_notification": null,
            "timeouts": null,
            "user_data": "",
            "virtual_machine_id": "856fb698-0815-44a0-91a4-e0f6b5431fa8",
            "virtual_machine_scale_set_id": "",
            "vtpm_enabled": false,
            "zone": ""
          },
          "sensitive_attributes": [],
          "private": "eyJlMmJmYjczMC1lY2FhLTExZTYtOGY4OC0zNDM2M2JjN2M0YzAiOnsiY3JlYXRlIjoyNzAwMDAwMDAwMDAwLCJkZWxldGUiOjI3MDAwMDAwMDAwMDAsInJlYWQiOjMwMDAwMDAwMDAwMCwidXBkYXRlIjoyNzAwMDAwMDAwMDAwfX0=",
          "dependencies": [
            "azurerm_network_interface.azuredev-vm-nic",
            "azurerm_public_ip.azuredev-web-vm-pip",
            "data.template_cloudinit_config.vm_config",
            "random_id.webserver_dns"
          ]
        },
        {
          "index_key": 2,
          "schema_version": 0,
          "attributes": {
            "additional_capabilities": [],
            "admin_password": "s3cr3tP@55word",
            "admin_ssh_key": [],
            "admin_username": "superadmin",
            "allow_extension_operations": true,
            "availability_set_id": "",
            "boot_diagnostics": [],
            "capacity_reservation_group_id": "",
            "computer_name": "manz-vm-2",
            "custom_data": "H4sIAAAAAAAA/2SOT0vEMBBH74F8h9n1PGn3JFQ8+GcPHqogKnhM29EOpJOQzEr67UUXloW9zcDjvd9DFCVRfFsTdbAcgnLyWZuFK003MMSDTD6vt9v+qd/fv7w/P969fm7N34cflAtH6WDnWmusQTyHrDm5s5fyRRn3MsaJ5buD64H1DPiPK1VtKpaZQihj5qTW9LzQRedqA83A0gy+zIbGOcLPzrXt5nhT9UsKBEcFRAmrc+5iHqI1vwEAAP//8S35Vf0AAAA=",
            "dedicated_host_group_id": "",
            "dedicated_host_id": "",
            "disable_password_authentication": false,
            "edge_zone": "",
            "encryption_at_host_enabled": false,
            "eviction_policy": "",
            "extensions_time_budget": "PT1H30M",
            "id": "/subscriptions/ef0ccfbc-3557-4c68-b3d4-2ba16bcc1f72/resourceGroups/terraform/providers/Microsoft.Compute/virtualMachines/manz-web-vm-2",
            "identity": [],
            "license_type": "",
            "location": "eastus",
            "max_bid_price": -1,
            "name": "manz-web-vm-2",
            "network_interface_ids": [
              "/subscriptions/ef0ccfbc-3557-4c68-b3d4-2ba16bcc1f72/resourceGroups/terraform/providers/Microsoft.Network/networkInterfaces/manz-vm-nic-2"
            ],
            "os_disk": [
              {
                "caching": "ReadWrite",
                "diff_disk_settings": [],
                "disk_encryption_set_id": "",
                "disk_size_gb": 30,
                "name": "manz-storage-vm-2",
                "secure_vm_disk_encryption_set_id": "",
                "security_encryption_type": "",
                "storage_account_type": "Standard_LRS",
                "write_accelerator_enabled": false
              }
            ],
            "patch_mode": "ImageDefault",
            "plan": [],
            "platform_fault_domain": -1,
            "priority": "Regular",
            "private_ip_address": "10.0.0.5",
            "private_ip_addresses": [
              "10.0.0.5"
            ],
            "provision_vm_agent": true,
            "proximity_placement_group_id": "",
            "public_ip_address": "20.115.121.70",
            "public_ip_addresses": [
              "20.115.121.70"
            ],
            "resource_group_name": "terraform",
            "secret": [],
            "secure_boot_enabled": false,
            "size": "Standard_B1s",
            "source_image_id": "",
            "source_image_reference": [
              {
                "offer": "0001-com-ubuntu-server-focal",
                "publisher": "Canonical",
                "sku": "20_04-lts-gen2",
                "version": "latest"
              }
            ],
            "tags": {
              "app": "devops",
              "org": "manz"
            },
            "termination_notification": null,
            "timeouts": null,
            "user_data": "",
            "virtual_machine_id": "94bfc795-3c39-4699-a456-df94b4f3a29a",
            "virtual_machine_scale_set_id": "",
            "vtpm_enabled": false,
            "zone": ""
          },
          "sensitive_attributes": [],
          "private": "eyJlMmJmYjczMC1lY2FhLTExZTYtOGY4OC0zNDM2M2JjN2M0YzAiOnsiY3JlYXRlIjoyNzAwMDAwMDAwMDAwLCJkZWxldGUiOjI3MDAwMDAwMDAwMDAsInJlYWQiOjMwMDAwMDAwMDAwMCwidXBkYXRlIjoyNzAwMDAwMDAwMDAwfX0=",
          "dependencies": [
            "azurerm_network_interface.azuredev-vm-nic",
            "azurerm_public_ip.azuredev-web-vm-pip",
            "data.template_cloudinit_config.vm_config",
            "random_id.webserver_dns"
          ]
        }
      ]
    },
    {
      "mode": "managed",
      "type": "azurerm_network_interface",
      "name": "azuredev-vm-nic",
      "provider": "provider[\"registry.terraform.io/hashicorp/azurerm\"]",
      "instances": [
        {
          "index_key": 0,
          "schema_version": 0,
          "attributes": {
            "applied_dns_servers": [],
            "dns_servers": [],
            "edge_zone": "",
            "enable_accelerated_networking": false,
            "enable_ip_forwarding": false,
            "id": "/subscriptions/ef0ccfbc-3557-4c68-b3d4-2ba16bcc1f72/resourceGroups/terraform/providers/Microsoft.Network/networkInterfaces/manz-vm-nic-0",
            "internal_dns_name_label": "",
            "internal_domain_name_suffix": "ov2ai1w4nj1ubnkmnjnsvxo1pa.bx.internal.cloudapp.net",
            "ip_configuration": [
              {
                "gateway_load_balancer_frontend_ip_configuration_id": "",
                "name": "ip",
                "primary": true,
                "private_ip_address": "10.0.0.4",
                "private_ip_address_allocation": "Dynamic",
                "private_ip_address_version": "IPv4",
                "public_ip_address_id": "/subscriptions/ef0ccfbc-3557-4c68-b3d4-2ba16bcc1f72/resourceGroups/terraform/providers/Microsoft.Network/publicIPAddresses/manz-web-ip-0",
                "subnet_id": "/subscriptions/ef0ccfbc-3557-4c68-b3d4-2ba16bcc1f72/resourceGroups/terraform/providers/Microsoft.Network/virtualNetworks/terraform-vnet/subnets/default"
              }
            ],
            "location": "eastus",
            "mac_address": "",
            "name": "manz-vm-nic-0",
            "private_ip_address": "10.0.0.4",
            "private_ip_addresses": [
              "10.0.0.4"
            ],
            "resource_group_name": "terraform",
            "tags": null,
            "timeouts": null,
            "virtual_machine_id": ""
          },
          "sensitive_attributes": [],
          "private": "eyJlMmJmYjczMC1lY2FhLTExZTYtOGY4OC0zNDM2M2JjN2M0YzAiOnsiY3JlYXRlIjoxODAwMDAwMDAwMDAwLCJkZWxldGUiOjE4MDAwMDAwMDAwMDAsInJlYWQiOjMwMDAwMDAwMDAwMCwidXBkYXRlIjoxODAwMDAwMDAwMDAwfX0=",
          "dependencies": [
            "azurerm_public_ip.azuredev-web-vm-pip",
            "random_id.webserver_dns"
          ]
        },
        {
          "index_key": 1,
          "schema_version": 0,
          "attributes": {
            "applied_dns_servers": [],
            "dns_servers": [],
            "edge_zone": "",
            "enable_accelerated_networking": false,
            "enable_ip_forwarding": false,
            "id": "/subscriptions/ef0ccfbc-3557-4c68-b3d4-2ba16bcc1f72/resourceGroups/terraform/providers/Microsoft.Network/networkInterfaces/manz-vm-nic-1",
            "internal_dns_name_label": "",
            "internal_domain_name_suffix": "ov2ai1w4nj1ubnkmnjnsvxo1pa.bx.internal.cloudapp.net",
            "ip_configuration": [
              {
                "gateway_load_balancer_frontend_ip_configuration_id": "",
                "name": "ip",
                "primary": true,
                "private_ip_address": "10.0.0.6",
                "private_ip_address_allocation": "Dynamic",
                "private_ip_address_version": "IPv4",
                "public_ip_address_id": "/subscriptions/ef0ccfbc-3557-4c68-b3d4-2ba16bcc1f72/resourceGroups/terraform/providers/Microsoft.Network/publicIPAddresses/manz-web-ip-1",
                "subnet_id": "/subscriptions/ef0ccfbc-3557-4c68-b3d4-2ba16bcc1f72/resourceGroups/terraform/providers/Microsoft.Network/virtualNetworks/terraform-vnet/subnets/default"
              }
            ],
            "location": "eastus",
            "mac_address": "",
            "name": "manz-vm-nic-1",
            "private_ip_address": "10.0.0.6",
            "private_ip_addresses": [
              "10.0.0.6"
            ],
            "resource_group_name": "terraform",
            "tags": null,
            "timeouts": null,
            "virtual_machine_id": ""
          },
          "sensitive_attributes": [],
          "private": "eyJlMmJmYjczMC1lY2FhLTExZTYtOGY4OC0zNDM2M2JjN2M0YzAiOnsiY3JlYXRlIjoxODAwMDAwMDAwMDAwLCJkZWxldGUiOjE4MDAwMDAwMDAwMDAsInJlYWQiOjMwMDAwMDAwMDAwMCwidXBkYXRlIjoxODAwMDAwMDAwMDAwfX0=",
          "dependencies": [
            "azurerm_public_ip.azuredev-web-vm-pip",
            "random_id.webserver_dns"
          ]
        },
        {
          "index_key": 2,
          "schema_version": 0,
          "attributes": {
            "applied_dns_servers": [],
            "dns_servers": [],
            "edge_zone": "",
            "enable_accelerated_networking": false,
            "enable_ip_forwarding": false,
            "id": "/subscriptions/ef0ccfbc-3557-4c68-b3d4-2ba16bcc1f72/resourceGroups/terraform/providers/Microsoft.Network/networkInterfaces/manz-vm-nic-2",
            "internal_dns_name_label": "",
            "internal_domain_name_suffix": "ov2ai1w4nj1ubnkmnjnsvxo1pa.bx.internal.cloudapp.net",
            "ip_configuration": [
              {
                "gateway_load_balancer_frontend_ip_configuration_id": "",
                "name": "ip",
                "primary": true,
                "private_ip_address": "10.0.0.5",
                "private_ip_address_allocation": "Dynamic",
                "private_ip_address_version": "IPv4",
                "public_ip_address_id": "/subscriptions/ef0ccfbc-3557-4c68-b3d4-2ba16bcc1f72/resourceGroups/terraform/providers/Microsoft.Network/publicIPAddresses/manz-web-ip-2",
                "subnet_id": "/subscriptions/ef0ccfbc-3557-4c68-b3d4-2ba16bcc1f72/resourceGroups/terraform/providers/Microsoft.Network/virtualNetworks/terraform-vnet/subnets/default"
              }
            ],
            "location": "eastus",
            "mac_address": "",
            "name": "manz-vm-nic-2",
            "private_ip_address": "10.0.0.5",
            "private_ip_addresses": [
              "10.0.0.5"
            ],
            "resource_group_name": "terraform",
            "tags": null,
            "timeouts": null,
            "virtual_machine_id": ""
          },
          "sensitive_attributes": [],
          "private": "eyJlMmJmYjczMC1lY2FhLTExZTYtOGY4OC0zNDM2M2JjN2M0YzAiOnsiY3JlYXRlIjoxODAwMDAwMDAwMDAwLCJkZWxldGUiOjE4MDAwMDAwMDAwMDAsInJlYWQiOjMwMDAwMDAwMDAwMCwidXBkYXRlIjoxODAwMDAwMDAwMDAwfX0=",
          "dependencies": [
            "azurerm_public_ip.azuredev-web-vm-pip",
            "random_id.webserver_dns"
          ]
        }
      ]
    },
    {
      "mode": "managed",
      "type": "azurerm_public_ip",
      "name": "azuredev-web-vm-pip",
      "provider": "provider[\"registry.terraform.io/hashicorp/azurerm\"]",
      "instances": [
        {
          "index_key": 0,
          "schema_version": 0,
          "attributes": {
            "allocation_method": "Static",
            "domain_name_label": "ca-labs-web-0-ad59f5efca2de75a",
            "edge_zone": "",
            "fqdn": "ca-labs-web-0-ad59f5efca2de75a.eastus.cloudapp.azure.com",
            "id": "/subscriptions/ef0ccfbc-3557-4c68-b3d4-2ba16bcc1f72/resourceGroups/terraform/providers/Microsoft.Network/publicIPAddresses/manz-web-ip-0",
            "idle_timeout_in_minutes": 4,
            "ip_address": "20.115.125.95",
            "ip_tags": null,
            "ip_version": "IPv4",
            "location": "eastus",
            "name": "manz-web-ip-0",
            "public_ip_prefix_id": null,
            "resource_group_name": "terraform",
            "reverse_fqdn": "",
            "sku": "Basic",
            "sku_tier": "Regional",
            "tags": null,
            "timeouts": null,
            "zones": null
          },
          "sensitive_attributes": [],
          "private": "eyJlMmJmYjczMC1lY2FhLTExZTYtOGY4OC0zNDM2M2JjN2M0YzAiOnsiY3JlYXRlIjoxODAwMDAwMDAwMDAwLCJkZWxldGUiOjE4MDAwMDAwMDAwMDAsInJlYWQiOjMwMDAwMDAwMDAwMCwidXBkYXRlIjoxODAwMDAwMDAwMDAwfX0=",
          "dependencies": [
            "random_id.webserver_dns"
          ]
        },
        {
          "index_key": 1,
          "schema_version": 0,
          "attributes": {
            "allocation_method": "Static",
            "domain_name_label": "ca-labs-web-1-ad59f5efca2de75a",
            "edge_zone": "",
            "fqdn": "ca-labs-web-1-ad59f5efca2de75a.eastus.cloudapp.azure.com",
            "id": "/subscriptions/ef0ccfbc-3557-4c68-b3d4-2ba16bcc1f72/resourceGroups/terraform/providers/Microsoft.Network/publicIPAddresses/manz-web-ip-1",
            "idle_timeout_in_minutes": 4,
            "ip_address": "20.115.121.131",
            "ip_tags": null,
            "ip_version": "IPv4",
            "location": "eastus",
            "name": "manz-web-ip-1",
            "public_ip_prefix_id": null,
            "resource_group_name": "terraform",
            "reverse_fqdn": "",
            "sku": "Basic",
            "sku_tier": "Regional",
            "tags": null,
            "timeouts": null,
            "zones": null
          },
          "sensitive_attributes": [],
          "private": "eyJlMmJmYjczMC1lY2FhLTExZTYtOGY4OC0zNDM2M2JjN2M0YzAiOnsiY3JlYXRlIjoxODAwMDAwMDAwMDAwLCJkZWxldGUiOjE4MDAwMDAwMDAwMDAsInJlYWQiOjMwMDAwMDAwMDAwMCwidXBkYXRlIjoxODAwMDAwMDAwMDAwfX0=",
          "dependencies": [
            "random_id.webserver_dns"
          ]
        },
        {
          "index_key": 2,
          "schema_version": 0,
          "attributes": {
            "allocation_method": "Static",
            "domain_name_label": "ca-labs-web-2-ad59f5efca2de75a",
            "edge_zone": "",
            "fqdn": "ca-labs-web-2-ad59f5efca2de75a.eastus.cloudapp.azure.com",
            "id": "/subscriptions/ef0ccfbc-3557-4c68-b3d4-2ba16bcc1f72/resourceGroups/terraform/providers/Microsoft.Network/publicIPAddresses/manz-web-ip-2",
            "idle_timeout_in_minutes": 4,
            "ip_address": "20.115.121.70",
            "ip_tags": null,
            "ip_version": "IPv4",
            "location": "eastus",
            "name": "manz-web-ip-2",
            "public_ip_prefix_id": null,
            "resource_group_name": "terraform",
            "reverse_fqdn": "",
            "sku": "Basic",
            "sku_tier": "Regional",
            "tags": null,
            "timeouts": null,
            "zones": null
          },
          "sensitive_attributes": [],
          "private": "eyJlMmJmYjczMC1lY2FhLTExZTYtOGY4OC0zNDM2M2JjN2M0YzAiOnsiY3JlYXRlIjoxODAwMDAwMDAwMDAwLCJkZWxldGUiOjE4MDAwMDAwMDAwMDAsInJlYWQiOjMwMDAwMDAwMDAwMCwidXBkYXRlIjoxODAwMDAwMDAwMDAwfX0=",
          "dependencies": [
            "random_id.webserver_dns"
          ]
        }
      ]
    },
    {
      "mode": "managed",
      "type": "random_id",
      "name": "webserver_dns",
      "provider": "provider[\"registry.terraform.io/hashicorp/random\"]",
      "instances": [
        {
          "schema_version": 0,
          "attributes": {
            "b64_std": "rVn178ot51o=",
            "b64_url": "rVn178ot51o",
            "byte_length": 8,
            "dec": "12491285451726776154",
            "hex": "ad59f5efca2de75a",
            "id": "rVn178ot51o",
            "keepers": null,
            "prefix": null
          },
          "sensitive_attributes": []
        }
      ]
    }
  ],
  "check_results": []
}
